
Microsoft Visual Studio Solution File, Format Version 12.00
# Visual Studio Version 16
VisualStudioVersion = 16.0.30104.148
MinimumVisualStudioVersion = 10.0.40219.1
Project("{FAE04EC0-301F-11D3-BF4B-00C04F79EFBC}") = "Estoque", "Estoque\Estoque.csproj", "{6662D9FD-D6BF-4A5C-A7AF-1E24C34CBE7A}"
EndProject
Global
	GlobalSection(SolutionConfigurationPlatforms) = preSolution
		Debug|Any CPU = Debug|Any CPU
		Release|Any CPU = Release|Any CPU
	EndGlobalSection
	GlobalSection(ProjectConfigurationPlatforms) = postSolution
		{6662D9FD-D6BF-4A5C-A7AF-1E24C34CBE7A}.Debug|Any CPU.ActiveCfg = Debug|Any CPU
		{6662D9FD-D6BF-4A5C-A7AF-1E24C34CBE7A}.Debug|Any CPU.Build.0 = Debug|Any CPU
		{6662D9FD-D6BF-4A5C-A7AF-1E24C34CBE7A}.Release|Any CPU.ActiveCfg = Release|Any CPU
		{6662D9FD-D6BF-4A5C-A7AF-1E24C34CBE7A}.Release|Any CPU.Build.0 = Release|Any CPU
	EndGlobalSection
	GlobalSection(SolutionProperties) = preSolution
		HideSolutionNode = FALSE
	EndGlobalSection
	GlobalSection(ExtensibilityGlobals) = postSolution
		SolutionGuid = {CF00F2AE-5AD6-4A66-9D28-358699E43C8F}
	EndGlobalSection
EndGlobal
